
Microsoft Visual Studio Solution File, Format Version 12.00
# Visual Studio Version 16
VisualStudioVersion = 16.0.29418.71
MinimumVisualStudioVersion = 10.0.40219.1
Project("{FAE04EC0-301F-11D3-BF4B-00C04F79EFBC}") = "CafeBerlinOtomasyon", "CafeBerlinOtomasyon.csproj", "{7E3F8919-8AE3-4E9F-8F17-C773066F399E}"
EndProject
Global
	GlobalSection(SolutionConfigurationPlatforms) = preSolution
		Debug|Any CPU = Debug|Any CPU
		Release|Any CPU = Release|Any CPU
	EndGlobalSection
	GlobalSection(ProjectConfigurationPlatforms) = postSolution
		{7E3F8919-8AE3-4E9F-8F17-C773066F399E}.Debug|Any CPU.ActiveCfg = Debug|Any CPU
		{7E3F8919-8AE3-4E9F-8F17-C773066F399E}.Debug|Any CPU.Build.0 = Debug|Any CPU
		{7E3F8919-8AE3-4E9F-8F17-C773066F399E}.Release|Any CPU.ActiveCfg = Release|Any CPU
		{7E3F8919-8AE3-4E9F-8F17-C773066F399E}.Release|Any CPU.Build.0 = Release|Any CPU
	EndGlobalSection
	GlobalSection(SolutionProperties) = preSolution
		HideSolutionNode = FALSE
	EndGlobalSection
	GlobalSection(ExtensibilityGlobals) = postSolution
		SolutionGuid = {8ED3299A-0998-47E0-B436-25E14C59CA6A}
	EndGlobalSection
EndGlobal
